Microsoft Visual Studio Solution File, Format Version 12.00
# Visual Studio Version 17
VisualStudioVersion 17.0.33829.131
MinimumVisualStudioVersion 10.0.40219.1
Project("{9A19103F-16F7-4668-BE54-9A1E7A4F7556}") = "TodoWpfApp", "TodoWpfApp.csproj", "{a032b388-ca2a-4a50-a816-27eb6bd32321}"
EndProject
Project("{9A19103F-16F7-4668-BE54-9A1E7A4F7556}") = "WebServer", "WebServer/WebServer.csproj", "{ad0283ac-7014-4677-9f18-7e3941c1d4bb}"
EndProject
Global
GlobalSection(SolutionConfigurationPlatforms) = preSolution
Debug|Any CPU = Debug|Any CPU
Release|Any CPU = Release|Any CPU
EndGlobalSection
GlobalSection(ProjectConfigurationPlatforms) = postSolution
{a032b388-ca2a-4a50-a816-27eb6bd32321}.Debug|Any CPU.ActiveCfg = Debug|Any CPU
{a032b388-ca2a-4a50-a816-27eb6bd32321}.Debug|Any CPU.Build.0 = Debug|Any CPU
{a032b388-ca2a-4a50-a816-27eb6bd32321}.Release|Any CPU.ActiveCfg = Release|Any CPU
{a032b388-ca2a-4a50-a816-27eb6bd32321}.Release|Any CPU.Build.0 = Release|Any CPU
{ad0283ac-7014-4677-9f18-7e3941c1d4bb}.Debug|Any CPU.ActiveCfg = Debug|Any CPU
{ad0283ac-7014-4677-9f18-7e3941c1d4bb}.Debug|Any CPU.Build.0 = Debug|Any CPU
{ad0283ac-7014-4677-9f18-7e3941c1d4bb}.Release|Any CPU.ActiveCfg = Release|Any CPU
{ad0283ac-7014-4677-9f18-7e3941c1d4bb}.Release|Any CPU.Build.0 = Release|Any CPU
EndGlobalSection
GlobalSection(SolutionProperties) = preSolution
HideSolutionNode = FALSE
EndGlobalSection
GlobalSection(ExtensibilityGlobals) = postSolution
SolutionGuid = {f724463c-22d5-48a4-9124-0101d2a4520d}
EndGlobalSection
EndGlobal
