Microsoft Visual Studio Solution File, Format Version 12.00
# Visual Studio Version 17
VisualStudioVersion = 17.5.2.0
MinimumVisualStudioVersion = 10.0.40219.1
Project("{FAE04EC0-301F-11D3-BF4B-00C04F79EFBC}") = "TodoWpfApp", "TodoWpfApp.csproj", "{6A598705-7344-14F0-FDC3-9F26D347FB02}"
EndProject
Global
	GlobalSection(SolutionConfigurationPlatforms) = preSolution
		Debug|Any CPU = Debug|Any CPU
		Release|Any CPU = Release|Any CPU
	EndGlobalSection
	GlobalSection(ProjectConfigurationPlatforms) = postSolution
		{6A598705-7344-14F0-FDC3-9F26D347FB02}.Debug|Any CPU.ActiveCfg = Debug|Any CPU
		{6A598705-7344-14F0-FDC3-9F26D347FB02}.Debug|Any CPU.Build.0 = Debug|Any CPU
		{6A598705-7344-14F0-FDC3-9F26D347FB02}.Release|Any CPU.ActiveCfg = Release|Any CPU
		{6A598705-7344-14F0-FDC3-9F26D347FB02}.Release|Any CPU.Build.0 = Release|Any CPU
	EndGlobalSection
	GlobalSection(SolutionProperties) = preSolution
		HideSolutionNode = FALSE
	EndGlobalSection
	GlobalSection(ExtensibilityGlobals) = postSolution
		SolutionGuid = {EFC71EFD-CAC0-4A32-928E-567386B832DC}
	EndGlobalSection
EndGlobal
